// !$*UTF8*$!
{
	archiveVersion = 1;
	classes = {
	};
	objectVersion = 48;
	objects = {

/* Begin PBXBuildFile section */
		5AC92BFB2464B6A200865698 /* AppDelegate.swift in Sources */ = {isa = PBXBuildFile; fileRef = 5AC92BFA2464B6A200865698 /* AppDelegate.swift */; };
		5AC92C012464B6A200865698 /* GameScene.swift in Sources */ = {isa = PBXBuildFile; fileRef = 5AC92C002464B6A200865698 /* GameScene.swift */; };
		5AC92C032464B6A200865698 /* GameViewController.swift in Sources */ = {isa = PBXBuildFile; fileRef = 5AC92C022464B6A200865698 /* GameViewController.swift */; };
		5AC92C062464B6A200865698 /* Main.storyboard in Resources */ = {isa = PBXBuildFile; fileRef = 5AC92C042464B6A200865698 /* Main.storyboard */; };
		5AC92C082464B6A200865698 /* Assets.xcassets in Resources */ = {isa = PBXBuildFile; fileRef = 5AC92C072464B6A200865698 /* Assets.xcassets */; };
		5AC92C0B2464B6A200865698 /* LaunchScreen.storyboard in Resources */ = {isa = PBXBuildFile; fileRef = 5AC92C092464B6A200865698 /* LaunchScreen.storyboard */; };
		5AC92C162464B6A200865698 /* COSC345_2Tests.swift in Sources */ = {isa = PBXBuildFile; fileRef = 5AC92C152464B6A200865698 /* COSC345_2Tests.swift */; };
		5AC92C212464B6A200865698 /* COSC345_2UITests.swift in Sources */ = {isa = PBXBuildFile; fileRef = 5AC92C202464B6A200865698 /* COSC345_2UITests.swift */; };
/* End PBXBuildFile section */

/* Begin PBXContainerItemProxy section */
		5AC92C122464B6A200865698 /* PBXContainerItemProxy */ = {
			isa = PBXContainerItemProxy;
			containerPortal = 5AC92BEF2464B6A200865698 /* Project object */;
			proxyType = 1;
			remoteGlobalIDString = 5AC92BF62464B6A200865698;
			remoteInfo = COSC345.2;
		};
		5AC92C1D2464B6A200865698 /* PBXContainerItemProxy */ = {
			isa = PBXContainerItemProxy;
			containerPortal = 5AC92BEF2464B6A200865698 /* Project object */;
			proxyType = 1;
			remoteGlobalIDString = 5AC92BF62464B6A200865698;
			remoteInfo = COSC345.2;
		};
/* End PBXContainerItemProxy section */

/* Begin PBXFileReference section */
		5AC92BF72464B6A200865698 /* COSC345.2.app */ = {isa = PBXFileReference; explicitFileType = wrapper.application; includeInIndex = 0; path = COSC345.2.app; sourceTree = BUILT_PRODUCTS_DIR; };
		5AC92BFA2464B6A200865698 /* AppDelegate.swift */ = {isa = PBXFileReference; lastKnownFileType = sourcecode.swift; path = AppDelegate.swift; sourceTree = "<group>"; };
		5AC92C002464B6A200865698 /* GameScene.swift */ = {isa = PBXFileReference; lastKnownFileType = sourcecode.swift; path = GameScene.swift; sourceTree = "<group>"; xcLanguageSpecificationIdentifier = xcode.lang.swift; };
		5AC92C022464B6A200865698 /* GameViewController.swift */ = {isa = PBXFileReference; lastKnownFileType = sourcecode.swift; path = GameViewController.swift; sourceTree = "<group>"; };
		5AC92C052464B6A200865698 /* Base */ = {isa = PBXFileReference; lastKnownFileType = file.storyboard; name = Base; path = Base.lproj/Main.storyboard; sourceTree = "<group>"; };
		5AC92C072464B6A200865698 /* Assets.xcassets */ = {isa = PBXFileReference; lastKnownFileType = folder.assetcatalog; path = Assets.xcassets; sourceTree = "<group>"; };
		5AC92C0A2464B6A200865698 /* Base */ = {isa = PBXFileReference; lastKnownFileType = file.storyboard; name = Base; path = Base.lproj/LaunchScreen.storyboard; sourceTree = "<group>"; };
		5AC92C0C2464B6A200865698 /* Info.plist */ = {isa = PBXFileReference; lastKnownFileType = text.plist.xml; path = Info.plist; sourceTree = "<group>"; };
		5AC92C112464B6A200865698 /* COSC345.2Tests.xctest */ = {isa = PBXFileReference; explicitFileType = wrapper.cfbundle; includeInIndex = 0; path = COSC345.2Tests.xctest; sourceTree = BUILT_PRODUCTS_DIR; };
		5AC92C152464B6A200865698 /* COSC345_2Tests.swift */ = {isa = PBXFileReference; lastKnownFileType = sourcecode.swift; path = COSC345_2Tests.swift; sourceTree = "<group>"; };
		5AC92C172464B6A200865698 /* Info.plist */ = {isa = PBXFileReference; lastKnownFileType = text.plist.xml; path = Info.plist; sourceTree = "<group>"; };
		5AC92C1C2464B6A200865698 /* COSC345.2UITests.xctest */ = {isa = PBXFileReference; explicitFileType = wrapper.cfbundle; includeInIndex = 0; path = COSC345.2UITests.xctest; sourceTree = BUILT_PRODUCTS_DIR; };
		5AC92C202464B6A200865698 /* COSC345_2UITests.swift */ = {isa = PBXFileReference; lastKnownFileType = sourcecode.swift; path = COSC345_2UITests.swift; sourceTree = "<group>"; };
		5AC92C222464B6A200865698 /* Info.plist */ = {isa = PBXFileReference; lastKnownFileType = text.plist.xml; path = Info.plist; sourceTree = "<group>"; };
/* End PBXFileReference section */

/* Begin PBXFrameworksBuildPhase section */
		5AC92BF42464B6A200865698 /* Frameworks */ = {
			isa = PBXFrameworksBuildPhase;
			buildActionMask = 2147483647;
			files = (
			);
			runOnlyForDeploymentPostprocessing = 0;
		};
		5AC92C0E2464B6A200865698 /* Frameworks */ = {
			isa = PBXFrameworksBuildPhase;
			buildActionMask = 2147483647;
			files = (
			);
			runOnlyForDeploymentPostprocessing = 0;
		};
		5AC92C192464B6A200865698 /* Frameworks */ = {
			isa = PBXFrameworksBuildPhase;
			buildActionMask = 2147483647;
			files = (
			);
			runOnlyForDeploymentPostprocessing = 0;
		};
/* End PBXFrameworksBuildPhase section */

/* Begin PBXGroup section */
		5AC92BEE2464B6A200865698 = {
			isa = PBXGroup;
			children = (
				5AC92BF92464B6A200865698 /* COSC345.2 */,
				5AC92C142464B6A200865698 /* COSC345.2Tests */,
				5AC92C1F2464B6A200865698 /* COSC345.2UITests */,
				5AC92BF82464B6A200865698 /* Products */,
			);
			sourceTree = "<group>";
		};
		5AC92BF82464B6A200865698 /* Products */ = {
			isa = PBXGroup;
			children = (
				5AC92BF72464B6A200865698 /* COSC345.2.app */,
				5AC92C112464B6A200865698 /* COSC345.2Tests.xctest */,
				5AC92C1C2464B6A200865698 /* COSC345.2UITests.xctest */,
			);
			name = Products;
			sourceTree = "<group>";
		};
		5AC92BF92464B6A200865698 /* COSC345.2 */ = {
			isa = PBXGroup;
			children = (
				5C35CE1F247CB0D100C3D146 /* Assets */,
				5C35CE1E247CB04C00C3D146 /* ViewController */,
				5C35CE21247CB0E200C3D146 /* Template */,
				5C35CE1D247CB03800C3D146 /* Scenes */,
				5AC92C0C2464B6A200865698 /* Info.plist */,
			);
			path = COSC345.2;
			sourceTree = "<group>";
		};
		5AC92C142464B6A200865698 /* COSC345.2Tests */ = {
			isa = PBXGroup;
			children = (
				5AC92C152464B6A200865698 /* COSC345_2Tests.swift */,
				5AC92C172464B6A200865698 /* Info.plist */,
			);
			path = COSC345.2Tests;
			sourceTree = "<group>";
		};
		5AC92C1F2464B6A200865698 /* COSC345.2UITests */ = {
			isa = PBXGroup;
			children = (
				5AC92C202464B6A200865698 /* COSC345_2UITests.swift */,
				5AC92C222464B6A200865698 /* Info.plist */,
			);
			path = COSC345.2UITests;
			sourceTree = "<group>";
		};
		5C35CE1D247CB03800C3D146 /* Scenes */ = {
			isa = PBXGroup;
			children = (
				5AC92C002464B6A200865698 /* GameScene.swift */,
			);
			path = Scenes;
			sourceTree = "<group>";
		};
		5C35CE1E247CB04C00C3D146 /* ViewController */ = {
			isa = PBXGroup;
			children = (
				5AC92C022464B6A200865698 /* GameViewController.swift */,
			);
			path = ViewController;
			sourceTree = "<group>";
		};
		5C35CE1F247CB0D100C3D146 /* Assets */ = {
			isa = PBXGroup;
			children = (
				5AC92C042464B6A200865698 /* Main.storyboard */,
				5AC92C072464B6A200865698 /* Assets.xcassets */,
				5AC92C092464B6A200865698 /* LaunchScreen.storyboard */,
			);
			path = Assets;
			sourceTree = "<group>";
		};
		5C35CE21247CB0E200C3D146 /* Template */ = {
			isa = PBXGroup;
			children = (
				5AC92BFA2464B6A200865698 /* AppDelegate.swift */,
			);
			path = Template;
			sourceTree = "<group>";
		};
/* End PBXGroup section */

/* Begin PBXNativeTarget section */
		5AC92BF62464B6A200865698 /* COSC345.2 */ = {
			isa = PBXNativeTarget;
			buildConfigurationList = 5AC92C252464B6A200865698 /* Build configuration list for PBXNativeTarget "COSC345.2" */;
			buildPhases = (
				5AC92BF32464B6A200865698 /* Sources */,
				5AC92BF42464B6A200865698 /* Frameworks */,
				5AC92BF52464B6A200865698 /* Resources */,
			);
			buildRules = (
			);
			dependencies = (
			);
			name = COSC345.2;
			productName = COSC345.2;
			productReference = 5AC92BF72464B6A200865698 /* COSC345.2.app */;
			productType = "com.apple.product-type.application";
		};
		5AC92C102464B6A200865698 /* COSC345.2Tests */ = {
			isa = PBXNativeTarget;
			buildConfigurationList = 5AC92C282464B6A200865698 /* Build configuration list for PBXNativeTarget "COSC345.2Tests" */;
			buildPhases = (
				5AC92C0D2464B6A200865698 /* Sources */,
				5AC92C0E2464B6A200865698 /* Frameworks */,
				5AC92C0F2464B6A200865698 /* Resources */,
			);
			buildRules = (
			);
			dependencies = (
				5AC92C132464B6A200865698 /* PBXTargetDependency */,
			);
			name = COSC345.2Tests;
			productName = COSC345.2Tests;
			productReference = 5AC92C112464B6A200865698 /* COSC345.2Tests.xctest */;
			productType = "com.apple.product-type.bundle.unit-test";
		};
		5AC92C1B2464B6A200865698 /* COSC345.2UITests */ = {
			isa = PBXNativeTarget;
			buildConfigurationList = 5AC92C2B2464B6A200865698 /* Build configuration list for PBXNativeTarget "COSC345.2UITests" */;
			buildPhases = (
				5AC92C182464B6A200865698 /* Sources */,
				5AC92C192464B6A200865698 /* Frameworks */,
				5AC92C1A2464B6A200865698 /* Resources */,
			);
			buildRules = (
			);
			dependencies = (
				5AC92C1E2464B6A200865698 /* PBXTargetDependency */,
			);
			name = COSC345.2UITests;
			productName = COSC345.2UITests;
			productReference = 5AC92C1C2464B6A200865698 /* COSC345.2UITests.xctest */;
			productType = "com.apple.product-type.bundle.ui-testing";
		};
/* End PBXNativeTarget section */

/* Begin PBXProject section */
		5AC92BEF2464B6A200865698 /* Project object */ = {
			isa = PBXProject;
			attributes = {
				LastSwiftUpdateCheck = 0920;
				LastUpgradeCheck = 0920;
				ORGANIZATIONNAME = "makayla montgomery";
				TargetAttributes = {
					5AC92BF62464B6A200865698 = {
						CreatedOnToolsVersion = 9.2;
						ProvisioningStyle = Automatic;
					};
					5AC92C102464B6A200865698 = {
						CreatedOnToolsVersion = 9.2;
						ProvisioningStyle = Automatic;
						TestTargetID = 5AC92BF62464B6A200865698;
					};
					5AC92C1B2464B6A200865698 = {
						CreatedOnToolsVersion = 9.2;
						ProvisioningStyle = Automatic;
						TestTargetID = 5AC92BF62464B6A200865698;
					};
				};
			};
			buildConfigurationList = 5AC92BF22464B6A200865698 /* Build configuration list for PBXProject "COSC345.2" */;
			compatibilityVersion = "Xcode 8.0";
			developmentRegion = en;
			hasScannedForEncodings = 0;
			knownRegions = (
				en,
				Base,
			);
			mainGroup = 5AC92BEE2464B6A200865698;
			productRefGroup = 5AC92BF82464B6A200865698 /* Products */;
			projectDirPath = "";
			projectRoot = "";
			targets = (
				5AC92BF62464B6A200865698 /* COSC345.2 */,
				5AC92C102464B6A200865698 /* COSC345.2Tests */,
				5AC92C1B2464B6A200865698 /* COSC345.2UITests */,
			);
		};
/* End PBXProject section */

/* Begin PBXResourcesBuildPhase section */
		5AC92BF52464B6A200865698 /* Resources */ = {
			isa = PBXResourcesBuildPhase;
			buildActionMask = 2147483647;
			files = (
				5AC92C062464B6A200865698 /* Main.storyboard in Resources */,
				5AC92C082464B6A200865698 /* Assets.xcassets in Resources */,
				5AC92C0B2464B6A200865698 /* LaunchScreen.storyboard in Resources */,
			);
			runOnlyForDeploymentPostprocessing = 0;
		};
		5AC92C0F2464B6A200865698 /* Resources */ = {
			isa = PBXResourcesBuildPhase;
			buildActionMask = 2147483647;
			files = (
			);
			runOnlyForDeploymentPostprocessing = 0;
		};
		5AC92C1A2464B6A200865698 /* Resources */ = {
			isa = PBXResourcesBuildPhase;
			buildActionMask = 2147483647;
			files = (
			);
			runOnlyForDeploymentPostprocessing = 0;
		};
/* End PBXResourcesBuildPhase section */

/* Begin PBXSourcesBuildPhase section */
		5AC92BF32464B6A200865698 /* Sources */ = {
			isa = PBXSourcesBuildPhase;
			buildActionMask = 2147483647;
			files = (
				5AC92C012464B6A200865698 /* GameScene.swift in Sources */,
				5AC92C032464B6A200865698 /* GameViewController.swift in Sources */,
				5AC92BFB2464B6A200865698 /* AppDelegate.swift in Sources */,
			);
			runOnlyForDeploymentPostprocessing = 0;
		};
		5AC92C0D2464B6A200865698 /* Sources */ = {
			isa = PBXSourcesBuildPhase;
			buildActionMask = 2147483647;
			files = (
				5AC92C162464B6A200865698 /* COSC345_2Tests.swift in Sources */,
			);
			runOnlyForDeploymentPostprocessing = 0;
		};
		5AC92C182464B6A200865698 /* Sources */ = {
			isa = PBXSourcesBuildPhase;
			buildActionMask = 2147483647;
			files = (
				5AC92C212464B6A200865698 /* COSC345_2UITests.swift in Sources */,
			);
			runOnlyForDeploymentPostprocessing = 0;
		};
/* End PBXSourcesBuildPhase section */

/* Begin PBXTargetDependency section */
		5AC92C132464B6A200865698 /* PBXTargetDependency */ = {
			isa = PBXTargetDependency;
			target = 5AC92BF62464B6A200865698 /* COSC345.2 */;
			targetProxy = 5AC92C122464B6A200865698 /* PBXContainerItemProxy */;
		};
		5AC92C1E2464B6A200865698 /* PBXTargetDependency */ = {
			isa = PBXTargetDependency;
			target = 5AC92BF62464B6A200865698 /* COSC345.2 */;
			targetProxy = 5AC92C1D2464B6A200865698 /* PBXContainerItemProxy */;
		};
/* End PBXTargetDependency section */

/* Begin PBXVariantGroup section */
		5AC92C042464B6A200865698 /* Main.storyboard */ = {
			isa = PBXVariantGroup;
			children = (
				5AC92C052464B6A200865698 /* Base */,
			);
			name = Main.storyboard;
			sourceTree = "<group>";
		};
		5AC92C092464B6A200865698 /* LaunchScreen.storyboard */ = {
			isa = PBXVariantGroup;
			children = (
				5AC92C0A2464B6A200865698 /* Base */,
			);
			name = LaunchScreen.storyboard;
			sourceTree = "<group>";
		};
/* End PBXVariantGroup section */

/* Begin XCBuildConfiguration section */
		5AC92C232464B6A200865698 /* Debug */ = {
			isa = XCBuildConfiguration;
			buildSettings = {
				ALWAYS_SEARCH_USER_PATHS = NO;
				CLANG_ANALYZER_NONNULL = YES;
				CLANG_ANALYZER_NUMBER_OBJECT_CONVERSION = YES_AGGRESSIVE;
				CLANG_CXX_LANGUAGE_STANDARD = "gnu++14";
				CLANG_CXX_LIBRARY = "libc++";
				CLANG_ENABLE_MODULES = YES;
				CLANG_ENABLE_OBJC_ARC = YES;
				CLANG_WARN_BLOCK_CAPTURE_AUTORELEASING = YES;
				CLANG_WARN_BOOL_CONVERSION = YES;
				CLANG_WARN_COMMA = YES;
				CLANG_WARN_CONSTANT_CONVERSION = YES;
				CLANG_WARN_DIRECT_OBJC_ISA_USAGE = YES_ERROR;
				CLANG_WARN_DOCUMENTATION_COMMENTS = YES;
				CLANG_WARN_EMPTY_BODY = YES;
				CLANG_WARN_ENUM_CONVERSION = YES;
				CLANG_WARN_INFINITE_RECURSION = YES;
				CLANG_WARN_INT_CONVERSION = YES;
				CLANG_WARN_NON_LITERAL_NULL_CONVERSION = YES;
				CLANG_WARN_OBJC_LITERAL_CONVERSION = YES;
				CLANG_WARN_OBJC_ROOT_CLASS = YES_ERROR;
				CLANG_WARN_RANGE_LOOP_ANALYSIS = YES;
				CLANG_WARN_STRICT_PROTOTYPES = YES;
				CLANG_WARN_SUSPICIOUS_MOVE = YES;
				CLANG_WARN_UNGUARDED_AVAILABILITY = YES_AGGRESSIVE;
				CLANG_WARN_UNREACHABLE_CODE = YES;
				CLANG_WARN__DUPLICATE_METHOD_MATCH = YES;
				CODE_SIGN_IDENTITY = "iPhone Developer";
				COPY_PHASE_STRIP = NO;
				DEBUG_INFORMATION_FORMAT = dwarf;
				ENABLE_STRICT_OBJC_MSGSEND = YES;
				ENABLE_TESTABILITY = YES;
				GCC_C_LANGUAGE_STANDARD = gnu11;
				GCC_DYNAMIC_NO_PIC = NO;
				GCC_NO_COMMON_BLOCKS = YES;
				GCC_OPTIMIZATION_LEVEL = 0;
				GCC_PREPROCESSOR_DEFINITIONS = (
					"DEBUG=1",
					"$(inherited)",
				);
				GCC_WARN_64_TO_32_BIT_CONVERSION = YES;
				GCC_WARN_ABOUT_RETURN_TYPE = YES_ERROR;
				GCC_WARN_UNDECLARED_SELECTOR = YES;
				GCC_WARN_UNINITIALIZED_AUTOS = YES_AGGRESSIVE;
				GCC_WARN_UNUSED_FUNCTION = YES;
				GCC_WARN_UNUSED_VARIABLE = YES;
				IPHONEOS_DEPLOYMENT_TARGET = 11.2;
				MTL_ENABLE_DEBUG_INFO = YES;
				ONLY_ACTIVE_ARCH = YES;
				SDKROOT = iphoneos;
				SWIFT_ACTIVE_COMPILATION_CONDITIONS = DEBUG;
				SWIFT_OPTIMIZATION_LEVEL = "-Onone";
				SWIFT_VERSION = 4.2;
			};
			name = Debug;
		};
		5AC92C242464B6A200865698 /* Release */ = {
			isa = XCBuildConfiguration;
			buildSettings = {
				ALWAYS_SEARCH_USER_PATHS = NO;
				CLANG_ANALYZER_NONNULL = YES;
				CLANG_ANALYZER_NUMBER_OBJECT_CONVERSION = YES_AGGRESSIVE;
				CLANG_CXX_LANGUAGE_STANDARD = "gnu++14";
				CLANG_CXX_LIBRARY = "libc++";
				CLANG_ENABLE_MODULES = YES;
				CLANG_ENABLE_OBJC_ARC = YES;
				CLANG_WARN_BLOCK_CAPTURE_AUTORELEASING = YES;
				CLANG_WARN_BOOL_CONVERSION = YES;
				CLANG_WARN_COMMA = YES;
				CLANG_WARN_CONSTANT_CONVERSION = YES;
				CLANG_WARN_DIRECT_OBJC_ISA_USAGE = YES_ERROR;
				CLANG_WARN_DOCUMENTATION_COMMENTS = YES;
				CLANG_WARN_EMPTY_BODY = YES;
				CLANG_WARN_ENUM_CONVERSION = YES;
				CLANG_WARN_INFINITE_RECURSION = YES;
				CLANG_WARN_INT_CONVERSION = YES;
				CLANG_WARN_NON_LITERAL_NULL_CONVERSION = YES;
				CLANG_WARN_OBJC_LITERAL_CONVERSION = YES;
				CLANG_WARN_OBJC_ROOT_CLASS = YES_ERROR;
				CLANG_WARN_RANGE_LOOP_ANALYSIS = YES;
				CLANG_WARN_STRICT_PROTOTYPES = YES;
				CLANG_WARN_SUSPICIOUS_MOVE = YES;
				CLANG_WARN_UNGUARDED_AVAILABILITY = YES_AGGRESSIVE;
				CLANG_WARN_UNREACHABLE_CODE = YES;
				CLANG_WARN__DUPLICATE_METHOD_MATCH = YES;
				CODE_SIGN_IDENTITY = "iPhone Developer";
				COPY_PHASE_STRIP = NO;
				DEBUG_INFORMATION_FORMAT = "dwarf-with-dsym";
				ENABLE_NS_ASSERTIONS = NO;
				ENABLE_STRICT_OBJC_MSGSEND = YES;
				GCC_C_LANGUAGE_STANDARD = gnu11;
				GCC_NO_COMMON_BLOCKS = YES;
				GCC_WARN_64_TO_32_BIT_CONVERSION = YES;
				GCC_WARN_ABOUT_RETURN_TYPE = YES_ERROR;
				GCC_WARN_UNDECLARED_SELECTOR = YES;
				GCC_WARN_UNINITIALIZED_AUTOS = YES_AGGRESSIVE;
				GCC_WARN_UNUSED_FUNCTION = YES;
				GCC_WARN_UNUSED_VARIABLE = YES;
				IPHONEOS_DEPLOYMENT_TARGET = 11.2;
				MTL_ENABLE_DEBUG_INFO = NO;
				SDKROOT = iphoneos;
				SWIFT_OPTIMIZATION_LEVEL = "-Owholemodule";
				SWIFT_VERSION = 4.2;
				VALIDATE_PRODUCT = YES;
			};
			name = Release;
		};
		5AC92C262464B6A200865698 /* Debug */ = {
			isa = XCBuildConfiguration;
			buildSettings = {
				ASSETCATALOG_COMPILER_APPICON_NAME = AppIcon;
				CODE_SIGN_STYLE = Automatic;
				DEVELOPMENT_TEAM = 8B72CM7529;
				INFOPLIST_FILE = COSC345.2/Info.plist;
				LD_RUNPATH_SEARCH_PATHS = "$(inherited) @executable_path/Frameworks";
				PRODUCT_BUNDLE_IDENTIFIER = "firstApp.KM.COSC345-2";
				PRODUCT_NAME = "$(TARGET_NAME)";
				SWIFT_VERSION = 4.0;
				TARGETED_DEVICE_FAMILY = "1,2";
			};
			name = Debug;
		};
		5AC92C272464B6A200865698 /* Release */ = {
			isa = XCBuildConfiguration;
			buildSettings = {
				ASSETCATALOG_COMPILER_APPICON_NAME = AppIcon;
				CODE_SIGN_STYLE = Automatic;
				DEVELOPMENT_TEAM = 8B72CM7529;
				INFOPLIST_FILE = COSC345.2/Info.plist;
				LD_RUNPATH_SEARCH_PATHS = "$(inherited) @executable_path/Frameworks";
				PRODUCT_BUNDLE_IDENTIFIER = "firstApp.KM.COSC345-2";
				PRODUCT_NAME = "$(TARGET_NAME)";
				SWIFT_VERSION = 4.0;
				TARGETED_DEVICE_FAMILY = "1,2";
			};
			name = Release;
		};
		5AC92C292464B6A200865698 /* Debug */ = {
			isa = XCBuildConfiguration;
			buildSettings = {
				ALWAYS_EMBED_SWIFT_STANDARD_LIBRARIES = YES;
				BUNDLE_LOADER = "$(TEST_HOST)";
				CODE_SIGN_STYLE = Automatic;
				DEVELOPMENT_TEAM = 8B72CM7529;
				INFOPLIST_FILE = COSC345.2Tests/Info.plist;
				LD_RUNPATH_SEARCH_PATHS = "$(inherited) @executable_path/Frameworks @loader_path/Frameworks";
				PRODUCT_BUNDLE_IDENTIFIER = "firstApp.KM.COSC345-2Tests";
				PRODUCT_NAME = "$(TARGET_NAME)";
				SWIFT_VERSION = 4.0;
				TARGETED_DEVICE_FAMILY = "1,2";
				TEST_HOST = "$(BUILT_PRODUCTS_DIR)/COSC345.2.app/COSC345.2";
			};
			name = Debug;
		};
		5AC92C2A2464B6A200865698 /* Release */ = {
			isa = XCBuildConfiguration;
			buildSettings = {
				ALWAYS_EMBED_SWIFT_STANDARD_LIBRARIES = YES;
				BUNDLE_LOADER = "$(TEST_HOST)";
				CODE_SIGN_STYLE = Automatic;
				DEVELOPMENT_TEAM = 8B72CM7529;
				INFOPLIST_FILE = COSC345.2Tests/Info.plist;
				LD_RUNPATH_SEARCH_PATHS = "$(inherited) @executable_path/Frameworks @loader_path/Frameworks";
				PRODUCT_BUNDLE_IDENTIFIER = "firstApp.KM.COSC345-2Tests";
				PRODUCT_NAME = "$(TARGET_NAME)";
				SWIFT_VERSION = 4.0;
				TARGETED_DEVICE_FAMILY = "1,2";
				TEST_HOST = "$(BUILT_PRODUCTS_DIR)/COSC345.2.app/COSC345.2";
			};
			name = Release;
		};
		5AC92C2C2464B6A200865698 /* Debug */ = {
			isa = XCBuildConfiguration;
			buildSettings = {
				ALWAYS_EMBED_SWIFT_STANDARD_LIBRARIES = YES;
				CODE_SIGN_STYLE = Automatic;
				DEVELOPMENT_TEAM = 8B72CM7529;
				INFOPLIST_FILE = COSC345.2UITests/Info.plist;
				LD_RUNPATH_SEARCH_PATHS = "$(inherited) @executable_path/Frameworks @loader_path/Frameworks";
				PRODUCT_BUNDLE_IDENTIFIER = "firstApp.KM.COSC345-2UITests";
				PRODUCT_NAME = "$(TARGET_NAME)";
				SWIFT_VERSION = 4.0;
				TARGETED_DEVICE_FAMILY = "1,2";
				TEST_TARGET_NAME = COSC345.2;
			};
			name = Debug;
		};
		5AC92C2D2464B6A200865698 /* Release */ = {
			isa = XCBuildConfiguration;
			buildSettings = {
				ALWAYS_EMBED_SWIFT_STANDARD_LIBRARIES = YES;
				CODE_SIGN_STYLE = Automatic;
				DEVELOPMENT_TEAM = 8B72CM7529;
				INFOPLIST_FILE = COSC345.2UITests/Info.plist;
				LD_RUNPATH_SEARCH_PATHS = "$(inherited) @executable_path/Frameworks @loader_path/Frameworks";
				PRODUCT_BUNDLE_IDENTIFIER = "firstApp.KM.COSC345-2UITests";
				PRODUCT_NAME = "$(TARGET_NAME)";
				SWIFT_VERSION = 4.0;
				TARGETED_DEVICE_FAMILY = "1,2";
				TEST_TARGET_NAME = COSC345.2;
			};
			name = Release;
		};
/* End XCBuildConfiguration section */

/* Begin XCConfigurationList section */
		5AC92BF22464B6A200865698 /* Build configuration list for PBXProject "COSC345.2" */ = {
			isa = XCConfigurationList;
			buildConfigurations = (
				5AC92C232464B6A200865698 /* Debug */,
				5AC92C242464B6A200865698 /* Release */,
			);
			defaultConfigurationIsVisible = 0;
			defaultConfigurationName = Release;
		};
		5AC92C252464B6A200865698 /* Build configuration list for PBXNativeTarget "COSC345.2" */ = {
			isa = XCConfigurationList;
			buildConfigurations = (
				5AC92C262464B6A200865698 /* Debug */,
				5AC92C272464B6A200865698 /* Release */,
			);
			defaultConfigurationIsVisible = 0;
			defaultConfigurationName = Release;
		};
		5AC92C282464B6A200865698 /* Build configuration list for PBXNativeTarget "COSC345.2Tests" */ = {
			isa = XCConfigurationList;
			buildConfigurations = (
				5AC92C292464B6A200865698 /* Debug */,
				5AC92C2A2464B6A200865698 /* Release */,
			);
			defaultConfigurationIsVisible = 0;
			defaultConfigurationName = Release;
		};
		5AC92C2B2464B6A200865698 /* Build configuration list for PBXNativeTarget "COSC345.2UITests" */ = {
			isa = XCConfigurationList;
			buildConfigurations = (
				5AC92C2C2464B6A200865698 /* Debug */,
				5AC92C2D2464B6A200865698 /* Release */,
			);
			defaultConfigurationIsVisible = 0;
			defaultConfigurationName = Release;
		};
/* End XCConfigurationList section */
	};
	rootObject = 5AC92BEF2464B6A200865698 /* Project object */;
}
